
Microsoft Visual Studio Solution File, Format Version 12.00
# Visual Studio Version 17
VisualStudioVersion = 17.0.32014.148
MinimumVisualStudioVersion = 10.0.40219.1
Project("{FAE04EC0-301F-11D3-BF4B-00C04F79EFBC}") = "ComputerArchitecture", "ComputerArchitecture.csproj", "{87515218-A209-46BB-A094-ED1FDD6E4E00}"
EndProject
Global
	GlobalSection(SolutionConfigurationPlatforms) = preSolution
		Debug|Any CPU = Debug|Any CPU
		Release|Any CPU = Release|Any CPU
	EndGlobalSection
	GlobalSection(ProjectConfigurationPlatforms) = postSolution
		{87515218-A209-46BB-A094-ED1FDD6E4E00}.Debug|Any CPU.ActiveCfg = Debug|Any CPU
		{87515218-A209-46BB-A094-ED1FDD6E4E00}.Debug|Any CPU.Build.0 = Debug|Any CPU
		{87515218-A209-46BB-A094-ED1FDD6E4E00}.Release|Any CPU.ActiveCfg = Release|Any CPU
		{87515218-A209-46BB-A094-ED1FDD6E4E00}.Release|Any CPU.Build.0 = Release|Any CPU
	EndGlobalSection
	GlobalSection(SolutionProperties) = preSolution
		HideSolutionNode = FALSE
	EndGlobalSection
	GlobalSection(ExtensibilityGlobals) = postSolution
		SolutionGuid = {7B627CFD-F10B-4188-906F-4F5E87B8DE48}
	EndGlobalSection
EndGlobal
