
Microsoft Visual Studio Solution File, Format Version 12.00
# Visual Studio Version 17
VisualStudioVersion = 17.0.32014.148
MinimumVisualStudioVersion = 10.0.40219.1
Project("{FAE04EC0-301F-11D3-BF4B-00C04F79EFBC}") = "FoodShortage", "FoodShortage.csproj", "{5E54F937-EFC7-4842-9215-BF4A991E33EE}"
EndProject
Global
	GlobalSection(SolutionConfigurationPlatforms) = preSolution
		Debug|Any CPU = Debug|Any CPU
		Release|Any CPU = Release|Any CPU
	EndGlobalSection
	GlobalSection(ProjectConfigurationPlatforms) = postSolution
		{5E54F937-EFC7-4842-9215-BF4A991E33EE}.Debug|Any CPU.ActiveCfg = Debug|Any CPU
		{5E54F937-EFC7-4842-9215-BF4A991E33EE}.Debug|Any CPU.Build.0 = Debug|Any CPU
		{5E54F937-EFC7-4842-9215-BF4A991E33EE}.Release|Any CPU.ActiveCfg = Release|Any CPU
		{5E54F937-EFC7-4842-9215-BF4A991E33EE}.Release|Any CPU.Build.0 = Release|Any CPU
	EndGlobalSection
	GlobalSection(SolutionProperties) = preSolution
		HideSolutionNode = FALSE
	EndGlobalSection
	GlobalSection(ExtensibilityGlobals) = postSolution
		SolutionGuid = {AF3E765F-43BA-4332-9DB8-A3D80B49ACFA}
	EndGlobalSection
EndGlobal
