
Microsoft Visual Studio Solution File, Format Version 12.00
# Visual Studio Version 17
VisualStudioVersion = 17.0.32014.148
MinimumVisualStudioVersion = 10.0.40219.1
Project("{FAE04EC0-301F-11D3-BF4B-00C04F79EFBC}") = "CarManufacturer", "CarManufacturer.csproj", "{1142428F-90FB-4693-BDAE-8F88D42F5490}"
EndProject
Global
	GlobalSection(SolutionConfigurationPlatforms) = preSolution
		Debug|Any CPU = Debug|Any CPU
		Release|Any CPU = Release|Any CPU
	EndGlobalSection
	GlobalSection(ProjectConfigurationPlatforms) = postSolution
		{1142428F-90FB-4693-BDAE-8F88D42F5490}.Debug|Any CPU.ActiveCfg = Debug|Any CPU
		{1142428F-90FB-4693-BDAE-8F88D42F5490}.Debug|Any CPU.Build.0 = Debug|Any CPU
		{1142428F-90FB-4693-BDAE-8F88D42F5490}.Release|Any CPU.ActiveCfg = Release|Any CPU
		{1142428F-90FB-4693-BDAE-8F88D42F5490}.Release|Any CPU.Build.0 = Release|Any CPU
	EndGlobalSection
	GlobalSection(SolutionProperties) = preSolution
		HideSolutionNode = FALSE
	EndGlobalSection
	GlobalSection(ExtensibilityGlobals) = postSolution
		SolutionGuid = {5934B846-32C8-4D9C-960C-C505FF5AFD28}
	EndGlobalSection
EndGlobal
