
Microsoft Visual Studio Solution File, Format Version 12.00
# Visual Studio Version 17
VisualStudioVersion = 17.0.32014.148
MinimumVisualStudioVersion = 10.0.40219.1
Project("{FAE04EC0-301F-11D3-BF4B-00C04F79EFBC}") = "BoxOfT", "BoxOfT.csproj", "{3752957C-E7CB-49D6-9235-0F26F8BF07C6}"
EndProject
Project("{FAE04EC0-301F-11D3-BF4B-00C04F79EFBC}") = "GenericArrayCreator", "..\GenericArrayCreator\GenericArrayCreator.csproj", "{DCD61455-7DD5-448A-9531-FAC7A4A636F6}"
EndProject
Project("{FAE04EC0-301F-11D3-BF4B-00C04F79EFBC}") = "GenericScale", "..\GenericScale\GenericScale.csproj", "{A15F8E84-77F4-4C6D-A56E-9BB38194440C}"
EndProject
Global
	GlobalSection(SolutionConfigurationPlatforms) = preSolution
		Debug|Any CPU = Debug|Any CPU
		Release|Any CPU = Release|Any CPU
	EndGlobalSection
	GlobalSection(ProjectConfigurationPlatforms) = postSolution
		{3752957C-E7CB-49D6-9235-0F26F8BF07C6}.Debug|Any CPU.ActiveCfg = Debug|Any CPU
		{3752957C-E7CB-49D6-9235-0F26F8BF07C6}.Debug|Any CPU.Build.0 = Debug|Any CPU
		{3752957C-E7CB-49D6-9235-0F26F8BF07C6}.Release|Any CPU.ActiveCfg = Release|Any CPU
		{3752957C-E7CB-49D6-9235-0F26F8BF07C6}.Release|Any CPU.Build.0 = Release|Any CPU
		{DCD61455-7DD5-448A-9531-FAC7A4A636F6}.Debug|Any CPU.ActiveCfg = Debug|Any CPU
		{DCD61455-7DD5-448A-9531-FAC7A4A636F6}.Debug|Any CPU.Build.0 = Debug|Any CPU
		{DCD61455-7DD5-448A-9531-FAC7A4A636F6}.Release|Any CPU.ActiveCfg = Release|Any CPU
		{DCD61455-7DD5-448A-9531-FAC7A4A636F6}.Release|Any CPU.Build.0 = Release|Any CPU
		{A15F8E84-77F4-4C6D-A56E-9BB38194440C}.Debug|Any CPU.ActiveCfg = Debug|Any CPU
		{A15F8E84-77F4-4C6D-A56E-9BB38194440C}.Debug|Any CPU.Build.0 = Debug|Any CPU
		{A15F8E84-77F4-4C6D-A56E-9BB38194440C}.Release|Any CPU.ActiveCfg = Release|Any CPU
		{A15F8E84-77F4-4C6D-A56E-9BB38194440C}.Release|Any CPU.Build.0 = Release|Any CPU
	EndGlobalSection
	GlobalSection(SolutionProperties) = preSolution
		HideSolutionNode = FALSE
	EndGlobalSection
	GlobalSection(ExtensibilityGlobals) = postSolution
		SolutionGuid = {C25D7C0A-BB5D-44A7-8E42-3B2E6E13A1EE}
	EndGlobalSection
EndGlobal
